// !$*UTF8*$!
{
	archiveVersion = 1;
	classes = {
	};
	objectVersion = 50;
	objects = {

/* Begin PBXBuildFile section */
		F401290C24AFBA660039D039 /* SPDiffableSnapshot.swift in Sources */ = {isa = PBXBuildFile; fileRef = F401290B24AFBA660039D039 /* SPDiffableSnapshot.swift */; };
		F401290D24AFBA820039D039 /* SPDiffableSnapshot.swift in Sources */ = {isa = PBXBuildFile; fileRef = F401290B24AFBA660039D039 /* SPDiffableSnapshot.swift */; };
		F4632035249EBA7100AF7413 /* SPTableDiffableMediator.swift in Sources */ = {isa = PBXBuildFile; fileRef = F4632034249EBA7100AF7413 /* SPTableDiffableMediator.swift */; };
		F4954BE2249B788A007072FA /* SPDiffable.h in Headers */ = {isa = PBXBuildFile; fileRef = F4954BE0249B788A007072FA /* SPDiffable.h */; settings = {ATTRIBUTES = (Public, ); }; };
		F4954BEE249B95F2007072FA /* FUNDING.yml in Resources */ = {isa = PBXBuildFile; fileRef = F4954BED249B95F2007072FA /* FUNDING.yml */; };
		F4954BF7249B962C007072FA /* Readme.md in Resources */ = {isa = PBXBuildFile; fileRef = F4954BF2249B962C007072FA /* Readme.md */; };
		F4954BF8249B962C007072FA /* SPDiffable.podspec in Resources */ = {isa = PBXBuildFile; fileRef = F4954BF3249B962C007072FA /* SPDiffable.podspec */; };
		F4954C03249B9716007072FA /* SPDiffableFooter.swift in Sources */ = {isa = PBXBuildFile; fileRef = F4954BFA249B9715007072FA /* SPDiffableFooter.swift */; };
		F4954C04249B9716007072FA /* SPDiffableItem.swift in Sources */ = {isa = PBXBuildFile; fileRef = F4954BFB249B9715007072FA /* SPDiffableItem.swift */; };
		F4954C05249B9716007072FA /* SPDiffableHeader.swift in Sources */ = {isa = PBXBuildFile; fileRef = F4954BFC249B9715007072FA /* SPDiffableHeader.swift */; };
		F4954C06249B9716007072FA /* SPDiffableSection.swift in Sources */ = {isa = PBXBuildFile; fileRef = F4954BFD249B9715007072FA /* SPDiffableSection.swift */; };
		F4954C08249B9716007072FA /* SPTableDiffableDataSource.swift in Sources */ = {isa = PBXBuildFile; fileRef = F4954C00249B9715007072FA /* SPTableDiffableDataSource.swift */; };
		F4954C09249B9716007072FA /* SPDiffableTableController.swift in Sources */ = {isa = PBXBuildFile; fileRef = F4954C01249B9715007072FA /* SPDiffableTableController.swift */; };
		F4FEAEBA24A8FA3500CA513C /* SPDiffableTableTextHeader.swift in Sources */ = {isa = PBXBuildFile; fileRef = F4FEAEB924A8FA3500CA513C /* SPDiffableTableTextHeader.swift */; };
		F4FEAEBC24A8FA6500CA513C /* SPDiffableTableTextFooter.swift in Sources */ = {isa = PBXBuildFile; fileRef = F4FEAEBB24A8FA6500CA513C /* SPDiffableTableTextFooter.swift */; };
		F4FEAEBE24A8FAD200CA513C /* SPDiffableTableRow.swift in Sources */ = {isa = PBXBuildFile; fileRef = F4FEAEBD24A8FAD200CA513C /* SPDiffableTableRow.swift */; };
		F4FEAEC024A8FB1400CA513C /* SPDiffableTableRowStepper.swift in Sources */ = {isa = PBXBuildFile; fileRef = F4FEAEBF24A8FB1400CA513C /* SPDiffableTableRowStepper.swift */; };
		F4FEAEC224A8FB4600CA513C /* SPDiffableTableRowSwitch.swift in Sources */ = {isa = PBXBuildFile; fileRef = F4FEAEC124A8FB4600CA513C /* SPDiffableTableRowSwitch.swift */; };
		F4FEAEC324A8FBC900CA513C /* SPDiffableTableTextHeader.swift in Sources */ = {isa = PBXBuildFile; fileRef = F4FEAEB924A8FA3500CA513C /* SPDiffableTableTextHeader.swift */; };
		F4FEAEC424A8FBC900CA513C /* SPDiffableTableTextFooter.swift in Sources */ = {isa = PBXBuildFile; fileRef = F4FEAEBB24A8FA6500CA513C /* SPDiffableTableTextFooter.swift */; };
		F4FEAEC524A8FBC900CA513C /* SPDiffableTableRow.swift in Sources */ = {isa = PBXBuildFile; fileRef = F4FEAEBD24A8FAD200CA513C /* SPDiffableTableRow.swift */; };
		F4FEAEC624A8FBC900CA513C /* SPDiffableTableRowStepper.swift in Sources */ = {isa = PBXBuildFile; fileRef = F4FEAEBF24A8FB1400CA513C /* SPDiffableTableRowStepper.swift */; };
		F4FEAEC724A8FBCA00CA513C /* SPDiffableTableRowSwitch.swift in Sources */ = {isa = PBXBuildFile; fileRef = F4FEAEC124A8FB4600CA513C /* SPDiffableTableRowSwitch.swift */; };
		F4FEAEC924A904C100CA513C /* SPDiffableTableRowButton.swift in Sources */ = {isa = PBXBuildFile; fileRef = F4FEAEC824A904C100CA513C /* SPDiffableTableRowButton.swift */; };
		F4FF9CC224A68400006B2122 /* AppDelegate.swift in Sources */ = {isa = PBXBuildFile; fileRef = F4FF9CC124A68400006B2122 /* AppDelegate.swift */; };
		F4FF9CC624A68400006B2122 /* RootController.swift in Sources */ = {isa = PBXBuildFile; fileRef = F4FF9CC524A68400006B2122 /* RootController.swift */; };
		F4FF9CCB24A68401006B2122 /* Assets.xcassets in Resources */ = {isa = PBXBuildFile; fileRef = F4FF9CCA24A68401006B2122 /* Assets.xcassets */; };
		F4FF9CCE24A68401006B2122 /* LaunchScreen.storyboard in Resources */ = {isa = PBXBuildFile; fileRef = F4FF9CCC24A68401006B2122 /* LaunchScreen.storyboard */; };
		F4FF9CD324A6848B006B2122 /* SPDiffableHeader.swift in Sources */ = {isa = PBXBuildFile; fileRef = F4954BFC249B9715007072FA /* SPDiffableHeader.swift */; };
		F4FF9CD424A6848B006B2122 /* SPDiffableFooter.swift in Sources */ = {isa = PBXBuildFile; fileRef = F4954BFA249B9715007072FA /* SPDiffableFooter.swift */; };
		F4FF9CD524A6848B006B2122 /* SPDiffableItem.swift in Sources */ = {isa = PBXBuildFile; fileRef = F4954BFB249B9715007072FA /* SPDiffableItem.swift */; };
		F4FF9CD624A6848B006B2122 /* SPDiffableSection.swift in Sources */ = {isa = PBXBuildFile; fileRef = F4954BFD249B9715007072FA /* SPDiffableSection.swift */; };
		F4FF9CD724A6848E006B2122 /* SPDiffableTableController.swift in Sources */ = {isa = PBXBuildFile; fileRef = F4954C01249B9715007072FA /* SPDiffableTableController.swift */; };
		F4FF9CD924A6848E006B2122 /* SPTableDiffableDataSource.swift in Sources */ = {isa = PBXBuildFile; fileRef = F4954C00249B9715007072FA /* SPTableDiffableDataSource.swift */; };
		F4FF9CDA24A6848E006B2122 /* SPTableDiffableMediator.swift in Sources */ = {isa = PBXBuildFile; fileRef = F4632034249EBA7100AF7413 /* SPTableDiffableMediator.swift */; };
		F4FF9CDC24A684A9006B2122 /* DiffableTableController.swift in Sources */ = {isa = PBXBuildFile; fileRef = F4FF9CDB24A684A9006B2122 /* DiffableTableController.swift */; };
		F4FF9CE324A6857E006B2122 /* NativeTableViewCell.swift in Sources */ = {isa = PBXBuildFile; fileRef = F4FF9CE224A6857E006B2122 /* NativeTableViewCell.swift */; };
		F4FF9CEB24A69A26006B2122 /* ActionableSwitch.swift in Sources */ = {isa = PBXBuildFile; fileRef = F4FF9CEA24A69A26006B2122 /* ActionableSwitch.swift */; };
		F4FF9CED24A69A95006B2122 /* ActionableStepper.swift in Sources */ = {isa = PBXBuildFile; fileRef = F4FF9CEC24A69A95006B2122 /* ActionableStepper.swift */; };
/* End PBXBuildFile section */

/* Begin PBXFileReference section */
		F401290B24AFBA660039D039 /* SPDiffableSnapshot.swift */ = {isa = PBXFileReference; lastKnownFileType = sourcecode.swift; path = SPDiffableSnapshot.swift; sourceTree = "<group>"; };
		F4632034249EBA7100AF7413 /* SPTableDiffableMediator.swift */ = {isa = PBXFileReference; lastKnownFileType = sourcecode.swift; path = SPTableDiffableMediator.swift; sourceTree = "<group>"; };
		F4954BDD249B788A007072FA /* SPDiffable.framework */ = {isa = PBXFileReference; explicitFileType = wrapper.framework; includeInIndex = 0; path = SPDiffable.framework; sourceTree = BUILT_PRODUCTS_DIR; };
		F4954BE0249B788A007072FA /* SPDiffable.h */ = {isa = PBXFileReference; lastKnownFileType = sourcecode.c.h; path = SPDiffable.h; sourceTree = "<group>"; };
		F4954BE1249B788A007072FA /* Info.plist */ = {isa = PBXFileReference; lastKnownFileType = text.plist.xml; path = Info.plist; sourceTree = "<group>"; };
		F4954BED249B95F2007072FA /* FUNDING.yml */ = {isa = PBXFileReference; fileEncoding = 4; lastKnownFileType = text.yaml; path = FUNDING.yml; sourceTree = "<group>"; };
		F4954BEF249B962C007072FA /* LICENSE */ = {isa = PBXFileReference; fileEncoding = 4; lastKnownFileType = text; path = LICENSE; sourceTree = SOURCE_ROOT; };
		F4954BF0249B962C007072FA /* Package.swift */ = {isa = PBXFileReference; fileEncoding = 4; lastKnownFileType = sourcecode.swift; path = Package.swift; sourceTree = SOURCE_ROOT; };
		F4954BF1249B962C007072FA /* .gitignore */ = {isa = PBXFileReference; fileEncoding = 4; lastKnownFileType = text; path = .gitignore; sourceTree = SOURCE_ROOT; };
		F4954BF2249B962C007072FA /* Readme.md */ = {isa = PBXFileReference; fileEncoding = 4; lastKnownFileType = net.daringfireball.markdown; path = Readme.md; sourceTree = SOURCE_ROOT; };
		F4954BF3249B962C007072FA /* SPDiffable.podspec */ = {isa = PBXFileReference; lastKnownFileType = text; path = SPDiffable.podspec; sourceTree = SOURCE_ROOT; };
		F4954BFA249B9715007072FA /* SPDiffableFooter.swift */ = {isa = PBXFileReference; fileEncoding = 4; lastKnownFileType = sourcecode.swift; path = SPDiffableFooter.swift; sourceTree = "<group>"; };
		F4954BFB249B9715007072FA /* SPDiffableItem.swift */ = {isa = PBXFileReference; fileEncoding = 4; lastKnownFileType = sourcecode.swift; path = SPDiffableItem.swift; sourceTree = "<group>"; };
		F4954BFC249B9715007072FA /* SPDiffableHeader.swift */ = {isa = PBXFileReference; fileEncoding = 4; lastKnownFileType = sourcecode.swift; path = SPDiffableHeader.swift; sourceTree = "<group>"; };
		F4954BFD249B9715007072FA /* SPDiffableSection.swift */ = {isa = PBXFileReference; fileEncoding = 4; lastKnownFileType = sourcecode.swift; path = SPDiffableSection.swift; sourceTree = "<group>"; };
		F4954C00249B9715007072FA /* SPTableDiffableDataSource.swift */ = {isa = PBXFileReference; fileEncoding = 4; lastKnownFileType = sourcecode.swift; path = SPTableDiffableDataSource.swift; sourceTree = "<group>"; };
		F4954C01249B9715007072FA /* SPDiffableTableController.swift */ = {isa = PBXFileReference; fileEncoding = 4; lastKnownFileType = sourcecode.swift; path = SPDiffableTableController.swift; sourceTree = "<group>"; };
		F4FEAEB924A8FA3500CA513C /* SPDiffableTableTextHeader.swift */ = {isa = PBXFileReference; lastKnownFileType = sourcecode.swift; path = SPDiffableTableTextHeader.swift; sourceTree = "<group>"; };
		F4FEAEBB24A8FA6500CA513C /* SPDiffableTableTextFooter.swift */ = {isa = PBXFileReference; lastKnownFileType = sourcecode.swift; path = SPDiffableTableTextFooter.swift; sourceTree = "<group>"; };
		F4FEAEBD24A8FAD200CA513C /* SPDiffableTableRow.swift */ = {isa = PBXFileReference; lastKnownFileType = sourcecode.swift; path = SPDiffableTableRow.swift; sourceTree = "<group>"; };
		F4FEAEBF24A8FB1400CA513C /* SPDiffableTableRowStepper.swift */ = {isa = PBXFileReference; lastKnownFileType = sourcecode.swift; path = SPDiffableTableRowStepper.swift; sourceTree = "<group>"; };
		F4FEAEC124A8FB4600CA513C /* SPDiffableTableRowSwitch.swift */ = {isa = PBXFileReference; lastKnownFileType = sourcecode.swift; path = SPDiffableTableRowSwitch.swift; sourceTree = "<group>"; };
		F4FEAEC824A904C100CA513C /* SPDiffableTableRowButton.swift */ = {isa = PBXFileReference; lastKnownFileType = sourcecode.swift; path = SPDiffableTableRowButton.swift; sourceTree = "<group>"; };
		F4FF9CBF24A68400006B2122 /* SPDiffable.app */ = {isa = PBXFileReference; explicitFileType = wrapper.application; includeInIndex = 0; path = SPDiffable.app; sourceTree = BUILT_PRODUCTS_DIR; };
		F4FF9CC124A68400006B2122 /* AppDelegate.swift */ = {isa = PBXFileReference; lastKnownFileType = sourcecode.swift; path = AppDelegate.swift; sourceTree = "<group>"; };
		F4FF9CC524A68400006B2122 /* RootController.swift */ = {isa = PBXFileReference; lastKnownFileType = sourcecode.swift; path = RootController.swift; sourceTree = "<group>"; };
		F4FF9CCA24A68401006B2122 /* Assets.xcassets */ = {isa = PBXFileReference; lastKnownFileType = folder.assetcatalog; path = Assets.xcassets; sourceTree = "<group>"; };
		F4FF9CCD24A68401006B2122 /* Base */ = {isa = PBXFileReference; lastKnownFileType = file.storyboard; name = Base; path = Base.lproj/LaunchScreen.storyboard; sourceTree = "<group>"; };
		F4FF9CCF24A68401006B2122 /* Info.plist */ = {isa = PBXFileReference; lastKnownFileType = text.plist.xml; path = Info.plist; sourceTree = "<group>"; };
		F4FF9CDB24A684A9006B2122 /* DiffableTableController.swift */ = {isa = PBXFileReference; lastKnownFileType = sourcecode.swift; path = DiffableTableController.swift; sourceTree = "<group>"; };
		F4FF9CE224A6857E006B2122 /* NativeTableViewCell.swift */ = {isa = PBXFileReference; lastKnownFileType = sourcecode.swift; path = NativeTableViewCell.swift; sourceTree = "<group>"; };
		F4FF9CEA24A69A26006B2122 /* ActionableSwitch.swift */ = {isa = PBXFileReference; lastKnownFileType = sourcecode.swift; path = ActionableSwitch.swift; sourceTree = "<group>"; };
		F4FF9CEC24A69A95006B2122 /* ActionableStepper.swift */ = {isa = PBXFileReference; lastKnownFileType = sourcecode.swift; path = ActionableStepper.swift; sourceTree = "<group>"; };
/* End PBXFileReference section */

/* Begin PBXFrameworksBuildPhase section */
		F4954BDA249B788A007072FA /* Frameworks */ = {
			isa = PBXFrameworksBuildPhase;
			buildActionMask = 2147483647;
			files = (
			);
			runOnlyForDeploymentPostprocessing = 0;
		};
		F4FF9CBC24A68400006B2122 /* Frameworks */ = {
			isa = PBXFrameworksBuildPhase;
			buildActionMask = 2147483647;
			files = (
			);
			runOnlyForDeploymentPostprocessing = 0;
		};
/* End PBXFrameworksBuildPhase section */

/* Begin PBXGroup section */
		F4192D2D24A75B280012B399 /* App */ = {
			isa = PBXGroup;
			children = (
				F4FF9CC124A68400006B2122 /* AppDelegate.swift */,
				F4FF9CCA24A68401006B2122 /* Assets.xcassets */,
				F4FF9CCC24A68401006B2122 /* LaunchScreen.storyboard */,
			);
			path = App;
			sourceTree = "<group>";
		};
		F4954BD3249B788A007072FA = {
			isa = PBXGroup;
			children = (
				F4954BEB249B95C8007072FA /* Deployment */,
				F4954BDF249B788A007072FA /* Source */,
				F4FF9CC024A68400006B2122 /* Example */,
				F4954BDE249B788A007072FA /* Products */,
			);
			sourceTree = "<group>";
		};
		F4954BDE249B788A007072FA /* Products */ = {
			isa = PBXGroup;
			children = (
				F4954BDD249B788A007072FA /* SPDiffable.framework */,
				F4FF9CBF24A68400006B2122 /* SPDiffable.app */,
			);
			name = Products;
			sourceTree = "<group>";
		};
		F4954BDF249B788A007072FA /* Source */ = {
			isa = PBXGroup;
			children = (
				F4954BE9249B78C9007072FA /* SPDiffable */,
				F4954BEA249B78DB007072FA /* Supporting Files */,
			);
			path = Source;
			sourceTree = "<group>";
		};
		F4954BE9249B78C9007072FA /* SPDiffable */ = {
			isa = PBXGroup;
			children = (
				F4954BF9249B9715007072FA /* Models */,
				F4954BFE249B9715007072FA /* Table */,
			);
			path = SPDiffable;
			sourceTree = "<group>";
		};
		F4954BEA249B78DB007072FA /* Supporting Files */ = {
			isa = PBXGroup;
			children = (
				F4954BE0249B788A007072FA /* SPDiffable.h */,
				F4954BE1249B788A007072FA /* Info.plist */,
			);
			path = "Supporting Files";
			sourceTree = "<group>";
		};
		F4954BEB249B95C8007072FA /* Deployment */ = {
			isa = PBXGroup;
			children = (
				F4954BEC249B95F2007072FA /* .github */,
				F4954BF1249B962C007072FA /* .gitignore */,
				F4954BEF249B962C007072FA /* LICENSE */,
				F4954BF0249B962C007072FA /* Package.swift */,
				F4954BF2249B962C007072FA /* Readme.md */,
				F4954BF3249B962C007072FA /* SPDiffable.podspec */,
			);
			path = Deployment;
			sourceTree = "<group>";
		};
		F4954BEC249B95F2007072FA /* .github */ = {
			isa = PBXGroup;
			children = (
				F4954BED249B95F2007072FA /* FUNDING.yml */,
			);
			path = .github;
			sourceTree = SOURCE_ROOT;
		};
		F4954BF9249B9715007072FA /* Models */ = {
			isa = PBXGroup;
			children = (
				F4FEAEB824A8FA1F00CA513C /* Table */,
				F4FEAEB724A8FA0800CA513C /* Basic */,
			);
			path = Models;
			sourceTree = "<group>";
		};
		F4954BFE249B9715007072FA /* Table */ = {
			isa = PBXGroup;
			children = (
				F4954C01249B9715007072FA /* SPDiffableTableController.swift */,
				F4954C00249B9715007072FA /* SPTableDiffableDataSource.swift */,
				F4632034249EBA7100AF7413 /* SPTableDiffableMediator.swift */,
			);
			path = Table;
			sourceTree = "<group>";
		};
		F4FEAEB724A8FA0800CA513C /* Basic */ = {
			isa = PBXGroup;
			children = (
				F4954BFB249B9715007072FA /* SPDiffableItem.swift */,
				F4954BFD249B9715007072FA /* SPDiffableSection.swift */,
				F4954BFC249B9715007072FA /* SPDiffableHeader.swift */,
				F4954BFA249B9715007072FA /* SPDiffableFooter.swift */,
				F401290B24AFBA660039D039 /* SPDiffableSnapshot.swift */,
			);
			path = Basic;
			sourceTree = "<group>";
		};
		F4FEAEB824A8FA1F00CA513C /* Table */ = {
			isa = PBXGroup;
			children = (
				F4FEAEB924A8FA3500CA513C /* SPDiffableTableTextHeader.swift */,
				F4FEAEBB24A8FA6500CA513C /* SPDiffableTableTextFooter.swift */,
				F4FEAEBD24A8FAD200CA513C /* SPDiffableTableRow.swift */,
				F4FEAEBF24A8FB1400CA513C /* SPDiffableTableRowStepper.swift */,
				F4FEAEC124A8FB4600CA513C /* SPDiffableTableRowSwitch.swift */,
				F4FEAEC824A904C100CA513C /* SPDiffableTableRowButton.swift */,
			);
			path = Table;
			sourceTree = "<group>";
		};
		F4FF9CC024A68400006B2122 /* Example */ = {
			isa = PBXGroup;
			children = (
				F4192D2D24A75B280012B399 /* App */,
				F4FF9CE024A68554006B2122 /* Controllers */,
				F4FF9CE124A68573006B2122 /* Views */,
				F4FF9CCF24A68401006B2122 /* Info.plist */,
			);
			path = Example;
			sourceTree = "<group>";
		};
		F4FF9CE024A68554006B2122 /* Controllers */ = {
			isa = PBXGroup;
			children = (
				F4FF9CC524A68400006B2122 /* RootController.swift */,
				F4FF9CDB24A684A9006B2122 /* DiffableTableController.swift */,
			);
			path = Controllers;
			sourceTree = "<group>";
		};
		F4FF9CE124A68573006B2122 /* Views */ = {
			isa = PBXGroup;
			children = (
				F4FF9CE224A6857E006B2122 /* NativeTableViewCell.swift */,
				F4FF9CEC24A69A95006B2122 /* ActionableStepper.swift */,
				F4FF9CEA24A69A26006B2122 /* ActionableSwitch.swift */,
			);
			path = Views;
			sourceTree = "<group>";
		};
/* End PBXGroup section */

/* Begin PBXHeadersBuildPhase section */
		F4954BD8249B788A007072FA /* Headers */ = {
			isa = PBXHeadersBuildPhase;
			buildActionMask = 2147483647;
			files = (
				F4954BE2249B788A007072FA /* SPDiffable.h in Headers */,
			);
			runOnlyForDeploymentPostprocessing = 0;
		};
/* End PBXHeadersBuildPhase section */

/* Begin PBXNativeTarget section */
		F4954BDC249B788A007072FA /* SPDiffable */ = {
			isa = PBXNativeTarget;
			buildConfigurationList = F4954BE5249B788A007072FA /* Build configuration list for PBXNativeTarget "SPDiffable" */;
			buildPhases = (
				F4954BD8249B788A007072FA /* Headers */,
				F4954BD9249B788A007072FA /* Sources */,
				F4954BDA249B788A007072FA /* Frameworks */,
				F4954BDB249B788A007072FA /* Resources */,
			);
			buildRules = (
			);
			dependencies = (
			);
			name = SPDiffable;
			productName = SPDiffable;
			productReference = F4954BDD249B788A007072FA /* SPDiffable.framework */;
			productType = "com.apple.product-type.framework";
		};
		F4FF9CBE24A68400006B2122 /* Example */ = {
			isa = PBXNativeTarget;
			buildConfigurationList = F4FF9CD224A68401006B2122 /* Build configuration list for PBXNativeTarget "Example" */;
			buildPhases = (
				F4FF9CBB24A68400006B2122 /* Sources */,
				F4FF9CBC24A68400006B2122 /* Frameworks */,
				F4FF9CBD24A68400006B2122 /* Resources */,
			);
			buildRules = (
			);
			dependencies = (
			);
			name = Example;
			productName = Example;
			productReference = F4FF9CBF24A68400006B2122 /* SPDiffable.app */;
			productType = "com.apple.product-type.application";
		};
/* End PBXNativeTarget section */

/* Begin PBXProject section */
		F4954BD4249B788A007072FA /* Project object */ = {
			isa = PBXProject;
			attributes = {
				LastSwiftUpdateCheck = 1150;
				LastUpgradeCheck = 1150;
				ORGANIZATIONNAME = "Ivan Vorobei";
				TargetAttributes = {
					F4954BDC249B788A007072FA = {
						CreatedOnToolsVersion = 11.5;
						LastSwiftMigration = 1150;
					};
					F4FF9CBE24A68400006B2122 = {
						CreatedOnToolsVersion = 11.5;
					};
				};
			};
			buildConfigurationList = F4954BD7249B788A007072FA /* Build configuration list for PBXProject "SPDiffable" */;
			compatibilityVersion = "Xcode 9.3";
			developmentRegion = en;
			hasScannedForEncodings = 0;
			knownRegions = (
				en,
				Base,
			);
			mainGroup = F4954BD3249B788A007072FA;
			productRefGroup = F4954BDE249B788A007072FA /* Products */;
			projectDirPath = "";
			projectRoot = "";
			targets = (
				F4954BDC249B788A007072FA /* SPDiffable */,
				F4FF9CBE24A68400006B2122 /* Example */,
			);
		};
/* End PBXProject section */

/* Begin PBXResourcesBuildPhase section */
		F4954BDB249B788A007072FA /* Resources */ = {
			isa = PBXResourcesBuildPhase;
			buildActionMask = 2147483647;
			files = (
				F4954BF8249B962C007072FA /* SPDiffable.podspec in Resources */,
				F4954BF7249B962C007072FA /* Readme.md in Resources */,
				F4954BEE249B95F2007072FA /* FUNDING.yml in Resources */,
			);
			runOnlyForDeploymentPostprocessing = 0;
		};
		F4FF9CBD24A68400006B2122 /* Resources */ = {
			isa = PBXResourcesBuildPhase;
			buildActionMask = 2147483647;
			files = (
				F4FF9CCE24A68401006B2122 /* LaunchScreen.storyboard in Resources */,
				F4FF9CCB24A68401006B2122 /* Assets.xcassets in Resources */,
			);
			runOnlyForDeploymentPostprocessing = 0;
		};
/* End PBXResourcesBuildPhase section */

/* Begin PBXSourcesBuildPhase section */
		F4954BD9249B788A007072FA /* Sources */ = {
			isa = PBXSourcesBuildPhase;
			buildActionMask = 2147483647;
			files = (
				F4FEAEC024A8FB1400CA513C /* SPDiffableTableRowStepper.swift in Sources */,
				F4FEAEBA24A8FA3500CA513C /* SPDiffableTableTextHeader.swift in Sources */,
				F4FEAEBC24A8FA6500CA513C /* SPDiffableTableTextFooter.swift in Sources */,
				F4954C05249B9716007072FA /* SPDiffableHeader.swift in Sources */,
				F4FEAEBE24A8FAD200CA513C /* SPDiffableTableRow.swift in Sources */,
				F4FEAEC924A904C100CA513C /* SPDiffableTableRowButton.swift in Sources */,
				F4954C04249B9716007072FA /* SPDiffableItem.swift in Sources */,
				F401290C24AFBA660039D039 /* SPDiffableSnapshot.swift in Sources */,
				F4954C09249B9716007072FA /* SPDiffableTableController.swift in Sources */,
				F4FEAEC224A8FB4600CA513C /* SPDiffableTableRowSwitch.swift in Sources */,
				F4954C03249B9716007072FA /* SPDiffableFooter.swift in Sources */,
				F4954C06249B9716007072FA /* SPDiffableSection.swift in Sources */,
				F4632035249EBA7100AF7413 /* SPTableDiffableMediator.swift in Sources */,
				F4954C08249B9716007072FA /* SPTableDiffableDataSource.swift in Sources */,
			);
			runOnlyForDeploymentPostprocessing = 0;
		};
		F4FF9CBB24A68400006B2122 /* Sources */ = {
			isa = PBXSourcesBuildPhase;
			buildActionMask = 2147483647;
			files = (
				F4FF9CD424A6848B006B2122 /* SPDiffableFooter.swift in Sources */,
				F4FF9CD324A6848B006B2122 /* SPDiffableHeader.swift in Sources */,
				F4FEAEC624A8FBC900CA513C /* SPDiffableTableRowStepper.swift in Sources */,
				F4FF9CD924A6848E006B2122 /* SPTableDiffableDataSource.swift in Sources */,
				F4FEAEC524A8FBC900CA513C /* SPDiffableTableRow.swift in Sources */,
				F4FF9CED24A69A95006B2122 /* ActionableStepper.swift in Sources */,
				F4FEAEC424A8FBC900CA513C /* SPDiffableTableTextFooter.swift in Sources */,
				F4FEAEC724A8FBCA00CA513C /* SPDiffableTableRowSwitch.swift in Sources */,
				F4FF9CD724A6848E006B2122 /* SPDiffableTableController.swift in Sources */,
				F4FF9CEB24A69A26006B2122 /* ActionableSwitch.swift in Sources */,
				F4FF9CC624A68400006B2122 /* RootController.swift in Sources */,
				F4FF9CDA24A6848E006B2122 /* SPTableDiffableMediator.swift in Sources */,
				F4FEAEC324A8FBC900CA513C /* SPDiffableTableTextHeader.swift in Sources */,
				F401290D24AFBA820039D039 /* SPDiffableSnapshot.swift in Sources */,
				F4FF9CD624A6848B006B2122 /* SPDiffableSection.swift in Sources */,
				F4FF9CC224A68400006B2122 /* AppDelegate.swift in Sources */,
				F4FF9CD524A6848B006B2122 /* SPDiffableItem.swift in Sources */,
				F4FF9CDC24A684A9006B2122 /* DiffableTableController.swift in Sources */,
				F4FF9CE324A6857E006B2122 /* NativeTableViewCell.swift in Sources */,
			);
			runOnlyForDeploymentPostprocessing = 0;
		};
/* End PBXSourcesBuildPhase section */

/* Begin PBXVariantGroup section */
		F4FF9CCC24A68401006B2122 /* LaunchScreen.storyboard */ = {
			isa = PBXVariantGroup;
			children = (
				F4FF9CCD24A68401006B2122 /* Base */,
			);
			name = LaunchScreen.storyboard;
			sourceTree = "<group>";
		};
/* End PBXVariantGroup section */

/* Begin XCBuildConfiguration section */
		F4954BE3249B788A007072FA /* Debug */ = {
			isa = XCBuildConfiguration;
			buildSettings = {
				ALWAYS_SEARCH_USER_PATHS = NO;
				CLANG_ANALYZER_NONNULL = YES;
				CLANG_ANALYZER_NUMBER_OBJECT_CONVERSION = YES_AGGRESSIVE;
				CLANG_CXX_LANGUAGE_STANDARD = "gnu++14";
				CLANG_CXX_LIBRARY = "libc++";
				CLANG_ENABLE_MODULES = YES;
				CLANG_ENABLE_OBJC_ARC = YES;
				CLANG_ENABLE_OBJC_WEAK = YES;
				CLANG_WARN_BLOCK_CAPTURE_AUTORELEASING = YES;
				CLANG_WARN_BOOL_CONVERSION = YES;
				CLANG_WARN_COMMA = YES;
				CLANG_WARN_CONSTANT_CONVERSION = YES;
				CLANG_WARN_DEPRECATED_OBJC_IMPLEMENTATIONS = YES;
				CLANG_WARN_DIRECT_OBJC_ISA_USAGE = YES_ERROR;
				CLANG_WARN_DOCUMENTATION_COMMENTS = YES;
				CLANG_WARN_EMPTY_BODY = YES;
				CLANG_WARN_ENUM_CONVERSION = YES;
				CLANG_WARN_INFINITE_RECURSION = YES;
				CLANG_WARN_INT_CONVERSION = YES;
				CLANG_WARN_NON_LITERAL_NULL_CONVERSION = YES;
				CLANG_WARN_OBJC_IMPLICIT_RETAIN_SELF = YES;
				CLANG_WARN_OBJC_LITERAL_CONVERSION = YES;
				CLANG_WARN_OBJC_ROOT_CLASS = YES_ERROR;
				CLANG_WARN_RANGE_LOOP_ANALYSIS = YES;
				CLANG_WARN_STRICT_PROTOTYPES = YES;
				CLANG_WARN_SUSPICIOUS_MOVE = YES;
				CLANG_WARN_UNGUARDED_AVAILABILITY = YES_AGGRESSIVE;
				CLANG_WARN_UNREACHABLE_CODE = YES;
				CLANG_WARN__DUPLICATE_METHOD_MATCH = YES;
				COPY_PHASE_STRIP = NO;
				CURRENT_PROJECT_VERSION = 1;
				DEBUG_INFORMATION_FORMAT = dwarf;
				ENABLE_STRICT_OBJC_MSGSEND = YES;
				ENABLE_TESTABILITY = YES;
				GCC_C_LANGUAGE_STANDARD = gnu11;
				GCC_DYNAMIC_NO_PIC = NO;
				GCC_NO_COMMON_BLOCKS = YES;
				GCC_OPTIMIZATION_LEVEL = 0;
				GCC_PREPROCESSOR_DEFINITIONS = (
					"DEBUG=1",
					"$(inherited)",
				);
				GCC_WARN_64_TO_32_BIT_CONVERSION = YES;
				GCC_WARN_ABOUT_RETURN_TYPE = YES_ERROR;
				GCC_WARN_UNDECLARED_SELECTOR = YES;
				GCC_WARN_UNINITIALIZED_AUTOS = YES_AGGRESSIVE;
				GCC_WARN_UNUSED_FUNCTION = YES;
				GCC_WARN_UNUSED_VARIABLE = YES;
				IPHONEOS_DEPLOYMENT_TARGET = 13.5;
				MTL_ENABLE_DEBUG_INFO = INCLUDE_SOURCE;
				MTL_FAST_MATH = YES;
				ONLY_ACTIVE_ARCH = YES;
				SDKROOT = iphoneos;
				SWIFT_ACTIVE_COMPILATION_CONDITIONS = DEBUG;
				SWIFT_OPTIMIZATION_LEVEL = "-Onone";
				VERSIONING_SYSTEM = "apple-generic";
				VERSION_INFO_PREFIX = "";
			};
			name = Debug;
		};
		F4954BE4249B788A007072FA /* Release */ = {
			isa = XCBuildConfiguration;
			buildSettings = {
				ALWAYS_SEARCH_USER_PATHS = NO;
				CLANG_ANALYZER_NONNULL = YES;
				CLANG_ANALYZER_NUMBER_OBJECT_CONVERSION = YES_AGGRESSIVE;
				CLANG_CXX_LANGUAGE_STANDARD = "gnu++14";
				CLANG_CXX_LIBRARY = "libc++";
				CLANG_ENABLE_MODULES = YES;
				CLANG_ENABLE_OBJC_ARC = YES;
				CLANG_ENABLE_OBJC_WEAK = YES;
				CLANG_WARN_BLOCK_CAPTURE_AUTORELEASING = YES;
				CLANG_WARN_BOOL_CONVERSION = YES;
				CLANG_WARN_COMMA = YES;
				CLANG_WARN_CONSTANT_CONVERSION = YES;
				CLANG_WARN_DEPRECATED_OBJC_IMPLEMENTATIONS = YES;
				CLANG_WARN_DIRECT_OBJC_ISA_USAGE = YES_ERROR;
				CLANG_WARN_DOCUMENTATION_COMMENTS = YES;
				CLANG_WARN_EMPTY_BODY = YES;
				CLANG_WARN_ENUM_CONVERSION = YES;
				CLANG_WARN_INFINITE_RECURSION = YES;
				CLANG_WARN_INT_CONVERSION = YES;
				CLANG_WARN_NON_LITERAL_NULL_CONVERSION = YES;
				CLANG_WARN_OBJC_IMPLICIT_RETAIN_SELF = YES;
				CLANG_WARN_OBJC_LITERAL_CONVERSION = YES;
				CLANG_WARN_OBJC_ROOT_CLASS = YES_ERROR;
				CLANG_WARN_RANGE_LOOP_ANALYSIS = YES;
				CLANG_WARN_STRICT_PROTOTYPES = YES;
				CLANG_WARN_SUSPICIOUS_MOVE = YES;
				CLANG_WARN_UNGUARDED_AVAILABILITY = YES_AGGRESSIVE;
				CLANG_WARN_UNREACHABLE_CODE = YES;
				CLANG_WARN__DUPLICATE_METHOD_MATCH = YES;
				COPY_PHASE_STRIP = NO;
				CURRENT_PROJECT_VERSION = 1;
				DEBUG_INFORMATION_FORMAT = "dwarf-with-dsym";
				ENABLE_NS_ASSERTIONS = NO;
				ENABLE_STRICT_OBJC_MSGSEND = YES;
				GCC_C_LANGUAGE_STANDARD = gnu11;
				GCC_NO_COMMON_BLOCKS = YES;
				GCC_WARN_64_TO_32_BIT_CONVERSION = YES;
				GCC_WARN_ABOUT_RETURN_TYPE = YES_ERROR;
				GCC_WARN_UNDECLARED_SELECTOR = YES;
				GCC_WARN_UNINITIALIZED_AUTOS = YES_AGGRESSIVE;
				GCC_WARN_UNUSED_FUNCTION = YES;
				GCC_WARN_UNUSED_VARIABLE = YES;
				IPHONEOS_DEPLOYMENT_TARGET = 13.5;
				MTL_ENABLE_DEBUG_INFO = NO;
				MTL_FAST_MATH = YES;
				SDKROOT = iphoneos;
				SWIFT_COMPILATION_MODE = wholemodule;
				SWIFT_OPTIMIZATION_LEVEL = "-O";
				VALIDATE_PRODUCT = YES;
				VERSIONING_SYSTEM = "apple-generic";
				VERSION_INFO_PREFIX = "";
			};
			name = Release;
		};
		F4954BE6249B788A007072FA /* Debug */ = {
			isa = XCBuildConfiguration;
			buildSettings = {
				CLANG_ENABLE_MODULES = YES;
				CODE_SIGN_STYLE = Automatic;
				DEFINES_MODULE = YES;
				DEVELOPMENT_TEAM = 28DU8642K3;
				DYLIB_COMPATIBILITY_VERSION = 1;
				DYLIB_CURRENT_VERSION = 1;
				DYLIB_INSTALL_NAME_BASE = "@rpath";
				INFOPLIST_FILE = "$(SRCROOT)/Source/Supporting Files/Info.plist";
				INSTALL_PATH = "$(LOCAL_LIBRARY_DIR)/Frameworks";
				LD_RUNPATH_SEARCH_PATHS = (
					"$(inherited)",
					"@executable_path/Frameworks",
					"@loader_path/Frameworks",
				);
				PRODUCT_BUNDLE_IDENTIFIER = by.ivanvorobei.SPDiffable;
				PRODUCT_NAME = "$(TARGET_NAME:c99extidentifier)";
				SKIP_INSTALL = YES;
				SWIFT_OPTIMIZATION_LEVEL = "-Onone";
				SWIFT_VERSION = 5.0;
				TARGETED_DEVICE_FAMILY = "1,2";
			};
			name = Debug;
		};
		F4954BE7249B788A007072FA /* Release */ = {
			isa = XCBuildConfiguration;
			buildSettings = {
				CLANG_ENABLE_MODULES = YES;
				CODE_SIGN_STYLE = Automatic;
				DEFINES_MODULE = YES;
				DEVELOPMENT_TEAM = 28DU8642K3;
				DYLIB_COMPATIBILITY_VERSION = 1;
				DYLIB_CURRENT_VERSION = 1;
				DYLIB_INSTALL_NAME_BASE = "@rpath";
				INFOPLIST_FILE = "$(SRCROOT)/Source/Supporting Files/Info.plist";
				INSTALL_PATH = "$(LOCAL_LIBRARY_DIR)/Frameworks";
				LD_RUNPATH_SEARCH_PATHS = (
					"$(inherited)",
					"@executable_path/Frameworks",
					"@loader_path/Frameworks",
				);
				PRODUCT_BUNDLE_IDENTIFIER = by.ivanvorobei.SPDiffable;
				PRODUCT_NAME = "$(TARGET_NAME:c99extidentifier)";
				SKIP_INSTALL = YES;
				SWIFT_VERSION = 5.0;
				TARGETED_DEVICE_FAMILY = "1,2";
			};
			name = Release;
		};
		F4FF9CD024A68401006B2122 /* Debug */ = {
			isa = XCBuildConfiguration;
			buildSettings = {
				ASSETCATALOG_COMPILER_APPICON_NAME = AppIcon;
				CODE_SIGN_STYLE = Automatic;
				DEVELOPMENT_TEAM = 28DU8642K3;
				INFOPLIST_FILE = Example/Info.plist;
				IPHONEOS_DEPLOYMENT_TARGET = 13.0;
				LD_RUNPATH_SEARCH_PATHS = (
					"$(inherited)",
					"@executable_path/Frameworks",
				);
				PRODUCT_BUNDLE_IDENTIFIER = by.ivanvorobei.Example;
				PRODUCT_NAME = SPDiffable;
				SWIFT_VERSION = 5.0;
				TARGETED_DEVICE_FAMILY = "1,2";
			};
			name = Debug;
		};
		F4FF9CD124A68401006B2122 /* Release */ = {
			isa = XCBuildConfiguration;
			buildSettings = {
				ASSETCATALOG_COMPILER_APPICON_NAME = AppIcon;
				CODE_SIGN_STYLE = Automatic;
				DEVELOPMENT_TEAM = 28DU8642K3;
				INFOPLIST_FILE = Example/Info.plist;
				IPHONEOS_DEPLOYMENT_TARGET = 13.0;
				LD_RUNPATH_SEARCH_PATHS = (
					"$(inherited)",
					"@executable_path/Frameworks",
				);
				PRODUCT_BUNDLE_IDENTIFIER = by.ivanvorobei.Example;
				PRODUCT_NAME = SPDiffable;
				SWIFT_VERSION = 5.0;
				TARGETED_DEVICE_FAMILY = "1,2";
			};
			name = Release;
		};
/* End XCBuildConfiguration section */

/* Begin XCConfigurationList section */
		F4954BD7249B788A007072FA /* Build configuration list for PBXProject "SPDiffable" */ = {
			isa = XCConfigurationList;
			buildConfigurations = (
				F4954BE3249B788A007072FA /* Debug */,
				F4954BE4249B788A007072FA /* Release */,
			);
			defaultConfigurationIsVisible = 0;
			defaultConfigurationName = Release;
		};
		F4954BE5249B788A007072FA /* Build configuration list for PBXNativeTarget "SPDiffable" */ = {
			isa = XCConfigurationList;
			buildConfigurations = (
				F4954BE6249B788A007072FA /* Debug */,
				F4954BE7249B788A007072FA /* Release */,
			);
			defaultConfigurationIsVisible = 0;
			defaultConfigurationName = Release;
		};
		F4FF9CD224A68401006B2122 /* Build configuration list for PBXNativeTarget "Example" */ = {
			isa = XCConfigurationList;
			buildConfigurations = (
				F4FF9CD024A68401006B2122 /* Debug */,
				F4FF9CD124A68401006B2122 /* Release */,
			);
			defaultConfigurationIsVisible = 0;
			defaultConfigurationName = Release;
		};
/* End XCConfigurationList section */
	};
	rootObject = F4954BD4249B788A007072FA /* Project object */;
}
